
Microsoft Visual Studio Solution File, Format Version 12.00
# Visual Studio 15
VisualStudioVersion = 15.0.27703.2035
MinimumVisualStudioVersion = 10.0.40219.1
Project("{FAE04EC0-301F-11D3-BF4B-00C04F79EFBC}") = "Bigram_VAE", "Bigram\Bigram_VAE.csproj", "{8DE12517-0381-4CC2-87AE-CAE56A53C6C0}"
EndProject
Project("{FAE04EC0-301F-11D3-BF4B-00C04F79EFBC}") = "Bigram_VAETests", "Bigram_VAETests\Bigram_VAETests.csproj", "{6D712D58-1CD1-466F-92BC-745CAB66346A}"
EndProject
Global
	GlobalSection(SolutionConfigurationPlatforms) = preSolution
		Debug|Any CPU = Debug|Any CPU
		Release|Any CPU = Release|Any CPU
	EndGlobalSection
	GlobalSection(ProjectConfigurationPlatforms) = postSolution
		{8DE12517-0381-4CC2-87AE-CAE56A53C6C0}.Debug|Any CPU.ActiveCfg = Debug|Any CPU
		{8DE12517-0381-4CC2-87AE-CAE56A53C6C0}.Debug|Any CPU.Build.0 = Debug|Any CPU
		{8DE12517-0381-4CC2-87AE-CAE56A53C6C0}.Release|Any CPU.ActiveCfg = Release|Any CPU
		{8DE12517-0381-4CC2-87AE-CAE56A53C6C0}.Release|Any CPU.Build.0 = Release|Any CPU
		{6D712D58-1CD1-466F-92BC-745CAB66346A}.Debug|Any CPU.ActiveCfg = Debug|Any CPU
		{6D712D58-1CD1-466F-92BC-745CAB66346A}.Debug|Any CPU.Build.0 = Debug|Any CPU
		{6D712D58-1CD1-466F-92BC-745CAB66346A}.Release|Any CPU.ActiveCfg = Release|Any CPU
		{6D712D58-1CD1-466F-92BC-745CAB66346A}.Release|Any CPU.Build.0 = Release|Any CPU
	EndGlobalSection
	GlobalSection(SolutionProperties) = preSolution
		HideSolutionNode = FALSE
	EndGlobalSection
	GlobalSection(ExtensibilityGlobals) = postSolution
		SolutionGuid = {FBF2E351-BCF1-43A1-A238-5BB1B9A3AED1}
	EndGlobalSection
EndGlobal
